
Microsoft Visual Studio Solution File, Format Version 12.00
# Visual Studio Version 16
VisualStudioVersion = 16.0.31515.178
MinimumVisualStudioVersion = 10.0.40219.1
Project("{9A19103F-16F7-4668-BE54-9A1E7A4F7556}") = "authorize", "authorize.csproj", "{3F7EEB4F-9E4B-467B-BBBD-38E3BA6D1978}"
EndProject
Project("{9A19103F-16F7-4668-BE54-9A1E7A4F7556}") = "authorizeTest", "..\test\authorizeTest\authorizeTest.csproj", "{B5312974-5C61-4BAB-808F-EDFB2C1F4B54}"
EndProject
Global
	GlobalSection(SolutionConfigurationPlatforms) = preSolution
		Debug|Any CPU = Debug|Any CPU
		Release|Any CPU = Release|Any CPU
	EndGlobalSection
	GlobalSection(ProjectConfigurationPlatforms) = postSolution
		{3F7EEB4F-9E4B-467B-BBBD-38E3BA6D1978}.Debug|Any CPU.ActiveCfg = Debug|Any CPU
		{3F7EEB4F-9E4B-467B-BBBD-38E3BA6D1978}.Debug|Any CPU.Build.0 = Debug|Any CPU
		{3F7EEB4F-9E4B-467B-BBBD-38E3BA6D1978}.Release|Any CPU.ActiveCfg = Release|Any CPU
		{3F7EEB4F-9E4B-467B-BBBD-38E3BA6D1978}.Release|Any CPU.Build.0 = Release|Any CPU
		{B5312974-5C61-4BAB-808F-EDFB2C1F4B54}.Debug|Any CPU.ActiveCfg = Debug|Any CPU
		{B5312974-5C61-4BAB-808F-EDFB2C1F4B54}.Debug|Any CPU.Build.0 = Debug|Any CPU
		{B5312974-5C61-4BAB-808F-EDFB2C1F4B54}.Release|Any CPU.ActiveCfg = Release|Any CPU
		{B5312974-5C61-4BAB-808F-EDFB2C1F4B54}.Release|Any CPU.Build.0 = Release|Any CPU
	EndGlobalSection
	GlobalSection(SolutionProperties) = preSolution
		HideSolutionNode = FALSE
	EndGlobalSection
	GlobalSection(ExtensibilityGlobals) = postSolution
		SolutionGuid = {7FF602D7-ED70-47A4-8A03-7B252EC747E0}
	EndGlobalSection
EndGlobal
